
Microsoft Visual Studio Solution File, Format Version 12.00
# Visual Studio Version 16
VisualStudioVersion = 16.0.31613.86
MinimumVisualStudioVersion = 10.0.40219.1
Project("{F184B08F-C81C-45F6-A57F-5ABD9991F28F}") = "PWC-3", "PWC-2020\PWC-3.vbproj", "{9AC70682-B083-4124-8B13-8099846EAE54}"
EndProject
Project("{6989167D-11E4-40FE-8C1A-2192A86A7E90}") = "PRZM-VVWM", "PRZM-VVWM\PRZM-VVWM.vfproj", "{0F05B786-C684-4D95-8B9B-FA77FC41DA5D}"
EndProject
Global
	GlobalSection(SolutionConfigurationPlatforms) = preSolution
		Debug|Any CPU = Debug|Any CPU
		Debug|x64 = Debug|x64
		Debug|x86 = Debug|x86
		Release|Any CPU = Release|Any CPU
		Release|x64 = Release|x64
		Release|x86 = Release|x86
	EndGlobalSection
	GlobalSection(ProjectConfigurationPlatforms) = postSolution
		{9AC70682-B083-4124-8B13-8099846EAE54}.Debug|Any CPU.ActiveCfg = Debug|Any CPU
		{9AC70682-B083-4124-8B13-8099846EAE54}.Debug|Any CPU.Build.0 = Debug|Any CPU
		{9AC70682-B083-4124-8B13-8099846EAE54}.Debug|x64.ActiveCfg = Debug|Any CPU
		{9AC70682-B083-4124-8B13-8099846EAE54}.Debug|x64.Build.0 = Debug|Any CPU
		{9AC70682-B083-4124-8B13-8099846EAE54}.Debug|x86.ActiveCfg = Debug|Any CPU
		{9AC70682-B083-4124-8B13-8099846EAE54}.Debug|x86.Build.0 = Debug|Any CPU
		{9AC70682-B083-4124-8B13-8099846EAE54}.Release|Any CPU.ActiveCfg = Release|Any CPU
		{9AC70682-B083-4124-8B13-8099846EAE54}.Release|Any CPU.Build.0 = Release|Any CPU
		{9AC70682-B083-4124-8B13-8099846EAE54}.Release|x64.ActiveCfg = Release|Any CPU
		{9AC70682-B083-4124-8B13-8099846EAE54}.Release|x64.Build.0 = Release|Any CPU
		{9AC70682-B083-4124-8B13-8099846EAE54}.Release|x86.ActiveCfg = Release|Any CPU
		{9AC70682-B083-4124-8B13-8099846EAE54}.Release|x86.Build.0 = Release|Any CPU
		{0F05B786-C684-4D95-8B9B-FA77FC41DA5D}.Debug|Any CPU.ActiveCfg = Debug|Win32
		{0F05B786-C684-4D95-8B9B-FA77FC41DA5D}.Debug|Any CPU.Build.0 = Debug|Win32
		{0F05B786-C684-4D95-8B9B-FA77FC41DA5D}.Debug|x64.ActiveCfg = Debug|x64
		{0F05B786-C684-4D95-8B9B-FA77FC41DA5D}.Debug|x64.Build.0 = Debug|x64
		{0F05B786-C684-4D95-8B9B-FA77FC41DA5D}.Debug|x86.ActiveCfg = Debug|Win32
		{0F05B786-C684-4D95-8B9B-FA77FC41DA5D}.Debug|x86.Build.0 = Debug|Win32
		{0F05B786-C684-4D95-8B9B-FA77FC41DA5D}.Release|Any CPU.ActiveCfg = Release|Win32
		{0F05B786-C684-4D95-8B9B-FA77FC41DA5D}.Release|Any CPU.Build.0 = Release|Win32
		{0F05B786-C684-4D95-8B9B-FA77FC41DA5D}.Release|x64.ActiveCfg = Release|x64
		{0F05B786-C684-4D95-8B9B-FA77FC41DA5D}.Release|x64.Build.0 = Release|x64
		{0F05B786-C684-4D95-8B9B-FA77FC41DA5D}.Release|x86.ActiveCfg = Release|Win32
		{0F05B786-C684-4D95-8B9B-FA77FC41DA5D}.Release|x86.Build.0 = Release|Win32
	EndGlobalSection
	GlobalSection(SolutionProperties) = preSolution
		HideSolutionNode = FALSE
	EndGlobalSection
	GlobalSection(ExtensibilityGlobals) = postSolution
		SolutionGuid = {68539049-9261-40BF-9ADF-E0D25A15385E}
	EndGlobalSection
EndGlobal
