
Microsoft Visual Studio Solution File, Format Version 12.00
# Visual Studio Version 17
VisualStudioVersion = 17.7.34024.191
MinimumVisualStudioVersion = 10.0.40219.1
Project("{6989167D-11E4-40FE-8C1A-2192A86A7E90}") = "PRZM-VVWM", "PRZM-VVWM\PRZM-VVWM.vfproj", "{0F05B786-C684-4D95-8B9B-FA77FC41DA5D}"
EndProject
Project("{F184B08F-C81C-45F6-A57F-5ABD9991F28F}") = "PWC-3interface", "PWC-GUI\PWC-3interface.vbproj", "{9AC70682-B083-4124-8B13-8099846EAE54}"
	ProjectSection(ProjectDependencies) = postProject
		{0F05B786-C684-4D95-8B9B-FA77FC41DA5D} = {0F05B786-C684-4D95-8B9B-FA77FC41DA5D}
	EndProjectSection
EndProject
Project("{54435603-DBB4-11D2-8724-00A0C9A8B90C}") = "PWC_install", "PWC_install\PWC_install.vdproj", "{E98AF15F-74C1-4473-A04D-1048C0E21E95}"
EndProject
Project("{54435603-DBB4-11D2-8724-00A0C9A8B90C}") = "PWC3_installer", "PWC3_installer\PWC3_installer.vdproj", "{23D9F747-68FF-417E-8AFD-E200A6F7A1D0}"
EndProject
Global
	GlobalSection(SolutionConfigurationPlatforms) = preSolution
		Debug|Any CPU = Debug|Any CPU
		Debug|x64 = Debug|x64
		Debug|x86 = Debug|x86
		Release|Any CPU = Release|Any CPU
		Release|x64 = Release|x64
		Release|x86 = Release|x86
	EndGlobalSection
	GlobalSection(ProjectConfigurationPlatforms) = postSolution
		{0F05B786-C684-4D95-8B9B-FA77FC41DA5D}.Debug|Any CPU.ActiveCfg = Debug|Win32
		{0F05B786-C684-4D95-8B9B-FA77FC41DA5D}.Debug|Any CPU.Build.0 = Debug|Win32
		{0F05B786-C684-4D95-8B9B-FA77FC41DA5D}.Debug|x64.ActiveCfg = Debug|x64
		{0F05B786-C684-4D95-8B9B-FA77FC41DA5D}.Debug|x86.ActiveCfg = Debug|Win32
		{0F05B786-C684-4D95-8B9B-FA77FC41DA5D}.Debug|x86.Build.0 = Debug|Win32
		{0F05B786-C684-4D95-8B9B-FA77FC41DA5D}.Release|Any CPU.ActiveCfg = Release|x64
		{0F05B786-C684-4D95-8B9B-FA77FC41DA5D}.Release|Any CPU.Build.0 = Release|x64
		{0F05B786-C684-4D95-8B9B-FA77FC41DA5D}.Release|x64.ActiveCfg = Release|x64
		{0F05B786-C684-4D95-8B9B-FA77FC41DA5D}.Release|x64.Build.0 = Release|x64
		{0F05B786-C684-4D95-8B9B-FA77FC41DA5D}.Release|x86.ActiveCfg = Release|Win32
		{0F05B786-C684-4D95-8B9B-FA77FC41DA5D}.Release|x86.Build.0 = Release|Win32
		{9AC70682-B083-4124-8B13-8099846EAE54}.Debug|Any CPU.ActiveCfg = Debug|Any CPU
		{9AC70682-B083-4124-8B13-8099846EAE54}.Debug|Any CPU.Build.0 = Debug|Any CPU
		{9AC70682-B083-4124-8B13-8099846EAE54}.Debug|x64.ActiveCfg = Debug|Any CPU
		{9AC70682-B083-4124-8B13-8099846EAE54}.Debug|x64.Build.0 = Debug|Any CPU
		{9AC70682-B083-4124-8B13-8099846EAE54}.Debug|x86.ActiveCfg = Debug|Any CPU
		{9AC70682-B083-4124-8B13-8099846EAE54}.Debug|x86.Build.0 = Debug|Any CPU
		{9AC70682-B083-4124-8B13-8099846EAE54}.Release|Any CPU.ActiveCfg = Release|Any CPU
		{9AC70682-B083-4124-8B13-8099846EAE54}.Release|Any CPU.Build.0 = Release|Any CPU
		{9AC70682-B083-4124-8B13-8099846EAE54}.Release|x64.ActiveCfg = Release|Any CPU
		{9AC70682-B083-4124-8B13-8099846EAE54}.Release|x64.Build.0 = Release|Any CPU
		{9AC70682-B083-4124-8B13-8099846EAE54}.Release|x86.ActiveCfg = Release|Any CPU
		{9AC70682-B083-4124-8B13-8099846EAE54}.Release|x86.Build.0 = Release|Any CPU
		{E98AF15F-74C1-4473-A04D-1048C0E21E95}.Debug|Any CPU.ActiveCfg = Debug
		{E98AF15F-74C1-4473-A04D-1048C0E21E95}.Debug|x64.ActiveCfg = Debug
		{E98AF15F-74C1-4473-A04D-1048C0E21E95}.Debug|x86.ActiveCfg = Debug
		{E98AF15F-74C1-4473-A04D-1048C0E21E95}.Release|Any CPU.ActiveCfg = Release
		{E98AF15F-74C1-4473-A04D-1048C0E21E95}.Release|x64.ActiveCfg = Release
		{E98AF15F-74C1-4473-A04D-1048C0E21E95}.Release|x86.ActiveCfg = Release
		{23D9F747-68FF-417E-8AFD-E200A6F7A1D0}.Debug|Any CPU.ActiveCfg = Debug
		{23D9F747-68FF-417E-8AFD-E200A6F7A1D0}.Debug|x64.ActiveCfg = Debug
		{23D9F747-68FF-417E-8AFD-E200A6F7A1D0}.Debug|x86.ActiveCfg = Debug
		{23D9F747-68FF-417E-8AFD-E200A6F7A1D0}.Release|Any CPU.ActiveCfg = Release
		{23D9F747-68FF-417E-8AFD-E200A6F7A1D0}.Release|Any CPU.Build.0 = Release
		{23D9F747-68FF-417E-8AFD-E200A6F7A1D0}.Release|x64.ActiveCfg = Release
		{23D9F747-68FF-417E-8AFD-E200A6F7A1D0}.Release|x64.Build.0 = Release
		{23D9F747-68FF-417E-8AFD-E200A6F7A1D0}.Release|x86.ActiveCfg = Release
	EndGlobalSection
	GlobalSection(SolutionProperties) = preSolution
		HideSolutionNode = FALSE
	EndGlobalSection
	GlobalSection(ExtensibilityGlobals) = postSolution
		SolutionGuid = {68539049-9261-40BF-9ADF-E0D25A15385E}
	EndGlobalSection
EndGlobal
